{
	"name": "ast-compare",
	"version": "1.10.1",
	"lockfileVersion": 1,
	"requires": true,
	"dependencies": {
		"eslint-config-prettier": {
			"version": "3.4.0",
			"resolved": "https://registry.npmjs.org/eslint-config-prettier/-/eslint-config-prettier-3.4.0.tgz",
			"integrity": "sha512-VDBMmnwA1SH4tGoyTVStbjI18xAFtozvrodjEuoqtP/P/XLJs5Ga8sFf7GSSPxAkgh65CGYT/zOXzsf2IA0aqw==",
			"dev": true,
			"requires": {
				"get-stdin": "^6.0.0"
			},
			"dependencies": {
				"get-stdin": {
					"version": "6.0.0",
					"resolved": "https://registry.npmjs.org/get-stdin/-/get-stdin-6.0.0.tgz",
					"integrity": "sha512-jp4tHawyV7+fkkSKyvjuLZswblUtz+SQKzSWnBbii16BuZksJlU1wuBYXY75r+duh/llF1ur6oNwi+2ZzjKZ7g==",
					"dev": true
				}
			}
		}
	}
}
